// !$*UTF8*$!
{
	archiveVersion = 1;
	classes = {
	};
	objectVersion = 46;
	objects = {

/* Begin PBXBuildFile section */
		DA84DE121EC5585100727D74 /* main.cpp in Sources */ = {isa = PBXBuildFile; fileRef = DA84DE111EC5585100727D74 /* main.cpp */; };
		DA84DE1F1EC55F2200727D74 /* tests.cpp in Sources */ = {isa = PBXBuildFile; fileRef = DA84DE1E1EC55F2200727D74 /* tests.cpp */; };
/* End PBXBuildFile section */

/* Begin PBXCopyFilesBuildPhase section */
		DA84DE0C1EC5585100727D74 /* CopyFiles */ = {
			isa = PBXCopyFilesBuildPhase;
			buildActionMask = 2147483647;
			dstPath = /usr/share/man/man1/;
			dstSubfolderSpec = 0;
			files = (
			);
			runOnlyForDeploymentPostprocessing = 1;
		};
		DA84DE1A1EC55F2200727D74 /* CopyFiles */ = {
			isa = PBXCopyFilesBuildPhase;
			buildActionMask = 2147483647;
			dstPath = /usr/share/man/man1/;
			dstSubfolderSpec = 0;
			files = (
			);
			runOnlyForDeploymentPostprocessing = 1;
		};
/* End PBXCopyFilesBuildPhase section */

/* Begin PBXFileReference section */
		DA84DE0E1EC5585100727D74 /* VendingMachineKata */ = {isa = PBXFileReference; explicitFileType = "compiled.mach-o.executable"; includeInIndex = 0; path = VendingMachineKata; sourceTree = BUILT_PRODUCTS_DIR; };
		DA84DE111EC5585100727D74 /* main.cpp */ = {isa = PBXFileReference; lastKnownFileType = sourcecode.cpp.cpp; path = main.cpp; sourceTree = "<group>"; };
		DA84DE1C1EC55F2200727D74 /* VendingMachineUnitTests */ = {isa = PBXFileReference; explicitFileType = "compiled.mach-o.executable"; includeInIndex = 0; path = VendingMachineUnitTests; sourceTree = BUILT_PRODUCTS_DIR; };
		DA84DE1E1EC55F2200727D74 /* tests.cpp */ = {isa = PBXFileReference; lastKnownFileType = sourcecode.cpp.cpp; path = tests.cpp; sourceTree = "<group>"; };
		DA84DE241EC55F5800727D74 /* catch.hpp */ = {isa = PBXFileReference; fileEncoding = 4; lastKnownFileType = sourcecode.cpp.h; path = catch.hpp; sourceTree = "<group>"; };
/* End PBXFileReference section */

/* Begin PBXFrameworksBuildPhase section */
		DA84DE0B1EC5585100727D74 /* Frameworks */ = {
			isa = PBXFrameworksBuildPhase;
			buildActionMask = 2147483647;
			files = (
			);
			runOnlyForDeploymentPostprocessing = 0;
		};
		DA84DE191EC55F2200727D74 /* Frameworks */ = {
			isa = PBXFrameworksBuildPhase;
			buildActionMask = 2147483647;
			files = (
			);
			runOnlyForDeploymentPostprocessing = 0;
		};
/* End PBXFrameworksBuildPhase section */

/* Begin PBXGroup section */
		DA84DE051EC5585100727D74 = {
			isa = PBXGroup;
			children = (
				DA84DE101EC5585100727D74 /* VendingMachineKata */,
				DA84DE1D1EC55F2200727D74 /* VendingMachineUnitTests */,
				DA84DE0F1EC5585100727D74 /* Products */,
			);
			sourceTree = "<group>";
		};
		DA84DE0F1EC5585100727D74 /* Products */ = {
			isa = PBXGroup;
			children = (
				DA84DE0E1EC5585100727D74 /* VendingMachineKata */,
				DA84DE1C1EC55F2200727D74 /* VendingMachineUnitTests */,
			);
			name = Products;
			sourceTree = "<group>";
		};
		DA84DE101EC5585100727D74 /* VendingMachineKata */ = {
			isa = PBXGroup;
			children = (
				DA84DE111EC5585100727D74 /* main.cpp */,
			);
			path = VendingMachineKata;
			sourceTree = "<group>";
		};
		DA84DE1D1EC55F2200727D74 /* VendingMachineUnitTests */ = {
			isa = PBXGroup;
			children = (
				DA84DE241EC55F5800727D74 /* catch.hpp */,
				DA84DE1E1EC55F2200727D74 /* tests.cpp */,
			);
			path = VendingMachineUnitTests;
			sourceTree = "<group>";
		};
/* End PBXGroup section */

/* Begin PBXNativeTarget section */
		DA84DE0D1EC5585100727D74 /* VendingMachineKata */ = {
			isa = PBXNativeTarget;
			buildConfigurationList = DA84DE151EC5585100727D74 /* Build configuration list for PBXNativeTarget "VendingMachineKata" */;
			buildPhases = (
				DA84DE0A1EC5585100727D74 /* Sources */,
				DA84DE0B1EC5585100727D74 /* Frameworks */,
				DA84DE0C1EC5585100727D74 /* CopyFiles */,
			);
			buildRules = (
			);
			dependencies = (
			);
			name = VendingMachineKata;
			productName = VendingMachineKata;
			productReference = DA84DE0E1EC5585100727D74 /* VendingMachineKata */;
			productType = "com.apple.product-type.tool";
		};
		DA84DE1B1EC55F2200727D74 /* VendingMachineUnitTests */ = {
			isa = PBXNativeTarget;
			buildConfigurationList = DA84DE201EC55F2200727D74 /* Build configuration list for PBXNativeTarget "VendingMachineUnitTests" */;
			buildPhases = (
				DA84DE181EC55F2200727D74 /* Sources */,
				DA84DE191EC55F2200727D74 /* Frameworks */,
				DA84DE1A1EC55F2200727D74 /* CopyFiles */,
			);
			buildRules = (
			);
			dependencies = (
			);
			name = VendingMachineUnitTests;
			productName = VendingMachineUnitTests;
			productReference = DA84DE1C1EC55F2200727D74 /* VendingMachineUnitTests */;
			productType = "com.apple.product-type.tool";
		};
/* End PBXNativeTarget section */

/* Begin PBXProject section */
		DA84DE061EC5585100727D74 /* Project object */ = {
			isa = PBXProject;
			attributes = {
				LastUpgradeCheck = 0830;
				ORGANIZATIONNAME = "Paul Sorenson";
				TargetAttributes = {
					DA84DE0D1EC5585100727D74 = {
						CreatedOnToolsVersion = 8.3.2;
						ProvisioningStyle = Automatic;
					};
					DA84DE1B1EC55F2200727D74 = {
						CreatedOnToolsVersion = 8.3.2;
						ProvisioningStyle = Automatic;
					};
				};
			};
			buildConfigurationList = DA84DE091EC5585100727D74 /* Build configuration list for PBXProject "VendingMachineKata" */;
			compatibilityVersion = "Xcode 3.2";
			developmentRegion = English;
			hasScannedForEncodings = 0;
			knownRegions = (
				en,
			);
			mainGroup = DA84DE051EC5585100727D74;
			productRefGroup = DA84DE0F1EC5585100727D74 /* Products */;
			projectDirPath = "";
			projectRoot = "";
			targets = (
				DA84DE0D1EC5585100727D74 /* VendingMachineKata */,
				DA84DE1B1EC55F2200727D74 /* VendingMachineUnitTests */,
			);
		};
/* End PBXProject section */

/* Begin PBXSourcesBuildPhase section */
		DA84DE0A1EC5585100727D74 /* Sources */ = {
			isa = PBXSourcesBuildPhase;
			buildActionMask = 2147483647;
			files = (
				DA84DE121EC5585100727D74 /* main.cpp in Sources */,
			);
			runOnlyForDeploymentPostprocessing = 0;
		};
		DA84DE181EC55F2200727D74 /* Sources */ = {
			isa = PBXSourcesBuildPhase;
			buildActionMask = 2147483647;
			files = (
				DA84DE1F1EC55F2200727D74 /* tests.cpp in Sources */,
			);
			runOnlyForDeploymentPostprocessing = 0;
		};
/* End PBXSourcesBuildPhase section */

/* Begin XCBuildConfiguration section */
		DA84DE131EC5585100727D74 /* Debug */ = {
			isa = XCBuildConfiguration;
			buildSettings = {
				ALWAYS_SEARCH_USER_PATHS = NO;
				CLANG_ANALYZER_NONNULL = YES;
				CLANG_ANALYZER_NUMBER_OBJECT_CONVERSION = YES_AGGRESSIVE;
				CLANG_CXX_LANGUAGE_STANDARD = "gnu++0x";
				CLANG_CXX_LIBRARY = "libc++";
				CLANG_ENABLE_MODULES = YES;
				CLANG_ENABLE_OBJC_ARC = YES;
				CLANG_WARN_BOOL_CONVERSION = YES;
				CLANG_WARN_CONSTANT_CONVERSION = YES;
				CLANG_WARN_DIRECT_OBJC_ISA_USAGE = YES_ERROR;
				CLANG_WARN_DOCUMENTATION_COMMENTS = YES;
				CLANG_WARN_EMPTY_BODY = YES;
				CLANG_WARN_ENUM_CONVERSION = YES;
				CLANG_WARN_INFINITE_RECURSION = YES;
				CLANG_WARN_INT_CONVERSION = YES;
				CLANG_WARN_OBJC_ROOT_CLASS = YES_ERROR;
				CLANG_WARN_SUSPICIOUS_MOVE = YES;
				CLANG_WARN_UNREACHABLE_CODE = YES;
				CLANG_WARN__DUPLICATE_METHOD_MATCH = YES;
				CODE_SIGN_IDENTITY = "-";
				COPY_PHASE_STRIP = NO;
				DEBUG_INFORMATION_FORMAT = dwarf;
				ENABLE_STRICT_OBJC_MSGSEND = YES;
				ENABLE_TESTABILITY = YES;
				GCC_C_LANGUAGE_STANDARD = gnu99;
				GCC_DYNAMIC_NO_PIC = NO;
				GCC_NO_COMMON_BLOCKS = YES;
				GCC_OPTIMIZATION_LEVEL = 0;
				GCC_PREPROCESSOR_DEFINITIONS = (
					"DEBUG=1",
					"$(inherited)",
				);
				GCC_WARN_64_TO_32_BIT_CONVERSION = YES;
				GCC_WARN_ABOUT_RETURN_TYPE = YES_ERROR;
				GCC_WARN_UNDECLARED_SELECTOR = YES;
				GCC_WARN_UNINITIALIZED_AUTOS = YES_AGGRESSIVE;
				GCC_WARN_UNUSED_FUNCTION = YES;
				GCC_WARN_UNUSED_VARIABLE = YES;
				MACOSX_DEPLOYMENT_TARGET = 10.12;
				MTL_ENABLE_DEBUG_INFO = YES;
				ONLY_ACTIVE_ARCH = YES;
				SDKROOT = macosx;
			};
			name = Debug;
		};
		DA84DE141EC5585100727D74 /* Release */ = {
			isa = XCBuildConfiguration;
			buildSettings = {
				ALWAYS_SEARCH_USER_PATHS = NO;
				CLANG_ANALYZER_NONNULL = YES;
				CLANG_ANALYZER_NUMBER_OBJECT_CONVERSION = YES_AGGRESSIVE;
				CLANG_CXX_LANGUAGE_STANDARD = "gnu++0x";
				CLANG_CXX_LIBRARY = "libc++";
				CLANG_ENABLE_MODULES = YES;
				CLANG_ENABLE_OBJC_ARC = YES;
				CLANG_WARN_BOOL_CONVERSION = YES;
				CLANG_WARN_CONSTANT_CONVERSION = YES;
				CLANG_WARN_DIRECT_OBJC_ISA_USAGE = YES_ERROR;
				CLANG_WARN_DOCUMENTATION_COMMENTS = YES;
				CLANG_WARN_EMPTY_BODY = YES;
				CLANG_WARN_ENUM_CONVERSION = YES;
				CLANG_WARN_INFINITE_RECURSION = YES;
				CLANG_WARN_INT_CONVERSION = YES;
				CLANG_WARN_OBJC_ROOT_CLASS = YES_ERROR;
				CLANG_WARN_SUSPICIOUS_MOVE = YES;
				CLANG_WARN_UNREACHABLE_CODE = YES;
				CLANG_WARN__DUPLICATE_METHOD_MATCH = YES;
				CODE_SIGN_IDENTITY = "-";
				COPY_PHASE_STRIP = NO;
				DEBUG_INFORMATION_FORMAT = "dwarf-with-dsym";
				ENABLE_NS_ASSERTIONS = NO;
				ENABLE_STRICT_OBJC_MSGSEND = YES;
				GCC_C_LANGUAGE_STANDARD = gnu99;
				GCC_NO_COMMON_BLOCKS = YES;
				GCC_WARN_64_TO_32_BIT_CONVERSION = YES;
				GCC_WARN_ABOUT_RETURN_TYPE = YES_ERROR;
				GCC_WARN_UNDECLARED_SELECTOR = YES;
				GCC_WARN_UNINITIALIZED_AUTOS = YES_AGGRESSIVE;
				GCC_WARN_UNUSED_FUNCTION = YES;
				GCC_WARN_UNUSED_VARIABLE = YES;
				MACOSX_DEPLOYMENT_TARGET = 10.12;
				MTL_ENABLE_DEBUG_INFO = NO;
				SDKROOT = macosx;
			};
			name = Release;
		};
		DA84DE161EC5585100727D74 /* Debug */ = {
			isa = XCBuildConfiguration;
			buildSettings = {
				PRODUCT_NAME = "$(TARGET_NAME)";
			};
			name = Debug;
		};
		DA84DE171EC5585100727D74 /* Release */ = {
			isa = XCBuildConfiguration;
			buildSettings = {
				PRODUCT_NAME = "$(TARGET_NAME)";
			};
			name = Release;
		};
		DA84DE211EC55F2200727D74 /* Debug */ = {
			isa = XCBuildConfiguration;
			buildSettings = {
				PRODUCT_NAME = "$(TARGET_NAME)";
			};
			name = Debug;
		};
		DA84DE221EC55F2200727D74 /* Release */ = {
			isa = XCBuildConfiguration;
			buildSettings = {
				PRODUCT_NAME = "$(TARGET_NAME)";
			};
			name = Release;
		};
/* End XCBuildConfiguration section */

/* Begin XCConfigurationList section */
		DA84DE091EC5585100727D74 /* Build configuration list for PBXProject "VendingMachineKata" */ = {
			isa = XCConfigurationList;
			buildConfigurations = (
				DA84DE131EC5585100727D74 /* Debug */,
				DA84DE141EC5585100727D74 /* Release */,
			);
			defaultConfigurationIsVisible = 0;
			defaultConfigurationName = Release;
		};
		DA84DE151EC5585100727D74 /* Build configuration list for PBXNativeTarget "VendingMachineKata" */ = {
			isa = XCConfigurationList;
			buildConfigurations = (
				DA84DE161EC5585100727D74 /* Debug */,
				DA84DE171EC5585100727D74 /* Release */,
			);
			defaultConfigurationIsVisible = 0;
		};
		DA84DE201EC55F2200727D74 /* Build configuration list for PBXNativeTarget "VendingMachineUnitTests" */ = {
			isa = XCConfigurationList;
			buildConfigurations = (
				DA84DE211EC55F2200727D74 /* Debug */,
				DA84DE221EC55F2200727D74 /* Release */,
			);
			defaultConfigurationIsVisible = 0;
		};
/* End XCConfigurationList section */
	};
	rootObject = DA84DE061EC5585100727D74 /* Project object */;
}
